
Microsoft Visual Studio Solution File, Format Version 12.00
# Visual Studio Version 16
VisualStudioVersion = 16.0.30011.22
MinimumVisualStudioVersion = 10.0.40219.1
Project("{9A19103F-16F7-4668-BE54-9A1E7A4F7556}") = "DatingApp.API", "DatingApp.API.csproj", "{E3ECD688-B6C8-4A59-9872-5487A0F0FF32}"
EndProject
Global
	GlobalSection(SolutionConfigurationPlatforms) = preSolution
		Debug|Any CPU = Debug|Any CPU
		Release|Any CPU = Release|Any CPU
	EndGlobalSection
	GlobalSection(ProjectConfigurationPlatforms) = postSolution
		{E3ECD688-B6C8-4A59-9872-5487A0F0FF32}.Debug|Any CPU.ActiveCfg = Debug|Any CPU
		{E3ECD688-B6C8-4A59-9872-5487A0F0FF32}.Debug|Any CPU.Build.0 = Debug|Any CPU
		{E3ECD688-B6C8-4A59-9872-5487A0F0FF32}.Release|Any CPU.ActiveCfg = Release|Any CPU
		{E3ECD688-B6C8-4A59-9872-5487A0F0FF32}.Release|Any CPU.Build.0 = Release|Any CPU
	EndGlobalSection
	GlobalSection(SolutionProperties) = preSolution
		HideSolutionNode = FALSE
	EndGlobalSection
	GlobalSection(ExtensibilityGlobals) = postSolution
		SolutionGuid = {2B97278D-D92B-4972-882F-30643C1535D8}
	EndGlobalSection
EndGlobal
